{
  "name": "TypeChain",
  "version": "1.0.0",
  "lockfileVersion": 1,
  "requires": true,
  "dependencies": {
    "@types/crypto-js": {
      "version": "3.1.42",
      "resolved": "https://registry.npmjs.org/@types/crypto-js/-/crypto-js-3.1.42.tgz",
      "integrity": "sha512-xphuO5Oc+QK/0CEmIA/sk1odHo5+bEyiFYZ90tQsAQfxI89MylFU409b92rTq5P9Z21c17CqRJ7AlvbPM6X3SQ==",
      "dev": true
    }
  }
}
